// !$*UTF8*$!
{
	archiveVersion = 1;
	classes = {
	};
	objectVersion = 56;
	objects = {

/* Begin PBXBuildFile section */
		63D6C4322C7CC68400BE153C /* MainPageBanners.docc in Sources */ = {isa = PBXBuildFile; fileRef = 63D6C4312C7CC68400BE153C /* MainPageBanners.docc */; };
		63D6C4382C7CC68400BE153C /* MainPageBanners.framework in Frameworks */ = {isa = PBXBuildFile; fileRef = 63D6C42D2C7CC68400BE153C /* MainPageBanners.framework */; };
		63D6C43D2C7CC68400BE153C /* MainPageBannersTests.swift in Sources */ = {isa = PBXBuildFile; fileRef = 63D6C43C2C7CC68400BE153C /* MainPageBannersTests.swift */; };
		63D6C43E2C7CC68400BE153C /* MainPageBanners.h in Headers */ = {isa = PBXBuildFile; fileRef = 63D6C4302C7CC68400BE153C /* MainPageBanners.h */; settings = {ATTRIBUTES = (Public, ); }; };
/* End PBXBuildFile section */

/* Begin PBXContainerItemProxy section */
		63D6C4392C7CC68400BE153C /* PBXContainerItemProxy */ = {
			isa = PBXContainerItemProxy;
			containerPortal = 63D6C4242C7CC68400BE153C /* Project object */;
			proxyType = 1;
			remoteGlobalIDString = 63D6C42C2C7CC68400BE153C;
			remoteInfo = MainPageBanners;
		};
/* End PBXContainerItemProxy section */

/* Begin PBXFileReference section */
		63D6C42D2C7CC68400BE153C /* MainPageBanners.framework */ = {isa = PBXFileReference; explicitFileType = wrapper.framework; includeInIndex = 0; path = MainPageBanners.framework; sourceTree = BUILT_PRODUCTS_DIR; };
		63D6C4302C7CC68400BE153C /* MainPageBanners.h */ = {isa = PBXFileReference; lastKnownFileType = sourcecode.c.h; path = MainPageBanners.h; sourceTree = "<group>"; };
		63D6C4312C7CC68400BE153C /* MainPageBanners.docc */ = {isa = PBXFileReference; lastKnownFileType = folder.documentationcatalog; path = MainPageBanners.docc; sourceTree = "<group>"; };
		63D6C4372C7CC68400BE153C /* MainPageBannersTests.xctest */ = {isa = PBXFileReference; explicitFileType = wrapper.cfbundle; includeInIndex = 0; path = MainPageBannersTests.xctest; sourceTree = BUILT_PRODUCTS_DIR; };
		63D6C43C2C7CC68400BE153C /* MainPageBannersTests.swift */ = {isa = PBXFileReference; lastKnownFileType = sourcecode.swift; path = MainPageBannersTests.swift; sourceTree = "<group>"; };
/* End PBXFileReference section */

/* Begin PBXFrameworksBuildPhase section */
		63D6C42A2C7CC68400BE153C /* Frameworks */ = {
			isa = PBXFrameworksBuildPhase;
			buildActionMask = 2147483647;
			files = (
			);
			runOnlyForDeploymentPostprocessing = 0;
		};
		63D6C4342C7CC68400BE153C /* Frameworks */ = {
			isa = PBXFrameworksBuildPhase;
			buildActionMask = 2147483647;
			files = (
				63D6C4382C7CC68400BE153C /* MainPageBanners.framework in Frameworks */,
			);
			runOnlyForDeploymentPostprocessing = 0;
		};
/* End PBXFrameworksBuildPhase section */

/* Begin PBXGroup section */
		63D6C4232C7CC68400BE153C = {
			isa = PBXGroup;
			children = (
				63D6C42F2C7CC68400BE153C /* MainPageBanners */,
				63D6C43B2C7CC68400BE153C /* MainPageBannersTests */,
				63D6C42E2C7CC68400BE153C /* Products */,
			);
			sourceTree = "<group>";
		};
		63D6C42E2C7CC68400BE153C /* Products */ = {
			isa = PBXGroup;
			children = (
				63D6C42D2C7CC68400BE153C /* MainPageBanners.framework */,
				63D6C4372C7CC68400BE153C /* MainPageBannersTests.xctest */,
			);
			name = Products;
			sourceTree = "<group>";
		};
		63D6C42F2C7CC68400BE153C /* MainPageBanners */ = {
			isa = PBXGroup;
			children = (
				63D6C4302C7CC68400BE153C /* MainPageBanners.h */,
				63D6C4312C7CC68400BE153C /* MainPageBanners.docc */,
			);
			path = MainPageBanners;
			sourceTree = "<group>";
		};
		63D6C43B2C7CC68400BE153C /* MainPageBannersTests */ = {
			isa = PBXGroup;
			children = (
				63D6C43C2C7CC68400BE153C /* MainPageBannersTests.swift */,
			);
			path = MainPageBannersTests;
			sourceTree = "<group>";
		};
/* End PBXGroup section */

/* Begin PBXHeadersBuildPhase section */
		63D6C4282C7CC68400BE153C /* Headers */ = {
			isa = PBXHeadersBuildPhase;
			buildActionMask = 2147483647;
			files = (
				63D6C43E2C7CC68400BE153C /* MainPageBanners.h in Headers */,
			);
			runOnlyForDeploymentPostprocessing = 0;
		};
/* End PBXHeadersBuildPhase section */

/* Begin PBXNativeTarget section */
		63D6C42C2C7CC68400BE153C /* MainPageBanners */ = {
			isa = PBXNativeTarget;
			buildConfigurationList = 63D6C4412C7CC68400BE153C /* Build configuration list for PBXNativeTarget "MainPageBanners" */;
			buildPhases = (
				63D6C4282C7CC68400BE153C /* Headers */,
				63D6C4292C7CC68400BE153C /* Sources */,
				63D6C42A2C7CC68400BE153C /* Frameworks */,
				63D6C42B2C7CC68400BE153C /* Resources */,
			);
			buildRules = (
			);
			dependencies = (
			);
			name = MainPageBanners;
			productName = MainPageBanners;
			productReference = 63D6C42D2C7CC68400BE153C /* MainPageBanners.framework */;
			productType = "com.apple.product-type.framework";
		};
		63D6C4362C7CC68400BE153C /* MainPageBannersTests */ = {
			isa = PBXNativeTarget;
			buildConfigurationList = 63D6C4442C7CC68400BE153C /* Build configuration list for PBXNativeTarget "MainPageBannersTests" */;
			buildPhases = (
				63D6C4332C7CC68400BE153C /* Sources */,
				63D6C4342C7CC68400BE153C /* Frameworks */,
				63D6C4352C7CC68400BE153C /* Resources */,
			);
			buildRules = (
			);
			dependencies = (
				63D6C43A2C7CC68400BE153C /* PBXTargetDependency */,
			);
			name = MainPageBannersTests;
			productName = MainPageBannersTests;
			productReference = 63D6C4372C7CC68400BE153C /* MainPageBannersTests.xctest */;
			productType = "com.apple.product-type.bundle.unit-test";
		};
/* End PBXNativeTarget section */

/* Begin PBXProject section */
		63D6C4242C7CC68400BE153C /* Project object */ = {
			isa = PBXProject;
			attributes = {
				BuildIndependentTargetsInParallel = 1;
				LastSwiftUpdateCheck = 1540;
				LastUpgradeCheck = 1540;
				TargetAttributes = {
					63D6C42C2C7CC68400BE153C = {
						CreatedOnToolsVersion = 15.4;
					};
					63D6C4362C7CC68400BE153C = {
						CreatedOnToolsVersion = 15.4;
					};
				};
			};
			buildConfigurationList = 63D6C4272C7CC68400BE153C /* Build configuration list for PBXProject "MainPageBanners" */;
			compatibilityVersion = "Xcode 14.0";
			developmentRegion = en;
			hasScannedForEncodings = 0;
			knownRegions = (
				en,
				Base,
			);
			mainGroup = 63D6C4232C7CC68400BE153C;
			productRefGroup = 63D6C42E2C7CC68400BE153C /* Products */;
			projectDirPath = "";
			projectRoot = "";
			targets = (
				63D6C42C2C7CC68400BE153C /* MainPageBanners */,
				63D6C4362C7CC68400BE153C /* MainPageBannersTests */,
			);
		};
/* End PBXProject section */

/* Begin PBXResourcesBuildPhase section */
		63D6C42B2C7CC68400BE153C /* Resources */ = {
			isa = PBXResourcesBuildPhase;
			buildActionMask = 2147483647;
			files = (
			);
			runOnlyForDeploymentPostprocessing = 0;
		};
		63D6C4352C7CC68400BE153C /* Resources */ = {
			isa = PBXResourcesBuildPhase;
			buildActionMask = 2147483647;
			files = (
			);
			runOnlyForDeploymentPostprocessing = 0;
		};
/* End PBXResourcesBuildPhase section */

/* Begin PBXSourcesBuildPhase section */
		63D6C4292C7CC68400BE153C /* Sources */ = {
			isa = PBXSourcesBuildPhase;
			buildActionMask = 2147483647;
			files = (
				63D6C4322C7CC68400BE153C /* MainPageBanners.docc in Sources */,
			);
			runOnlyForDeploymentPostprocessing = 0;
		};
		63D6C4332C7CC68400BE153C /* Sources */ = {
			isa = PBXSourcesBuildPhase;
			buildActionMask = 2147483647;
			files = (
				63D6C43D2C7CC68400BE153C /* MainPageBannersTests.swift in Sources */,
			);
			runOnlyForDeploymentPostprocessing = 0;
		};
/* End PBXSourcesBuildPhase section */

/* Begin PBXTargetDependency section */
		63D6C43A2C7CC68400BE153C /* PBXTargetDependency */ = {
			isa = PBXTargetDependency;
			target = 63D6C42C2C7CC68400BE153C /* MainPageBanners */;
			targetProxy = 63D6C4392C7CC68400BE153C /* PBXContainerItemProxy */;
		};
/* End PBXTargetDependency section */

/* Begin XCBuildConfiguration section */
		63D6C43F2C7CC68400BE153C /* Debug */ = {
			isa = XCBuildConfiguration;
			buildSettings = {
				ALWAYS_SEARCH_USER_PATHS = NO;
				ASSETCATALOG_COMPILER_GENERATE_SWIFT_ASSET_SYMBOL_EXTENSIONS = YES;
				CLANG_ANALYZER_NONNULL = YES;
				CLANG_ANALYZER_NUMBER_OBJECT_CONVERSION = YES_AGGRESSIVE;
				CLANG_CXX_LANGUAGE_STANDARD = "gnu++20";
				CLANG_ENABLE_MODULES = YES;
				CLANG_ENABLE_OBJC_ARC = YES;
				CLANG_ENABLE_OBJC_WEAK = YES;
				CLANG_WARN_BLOCK_CAPTURE_AUTORELEASING = YES;
				CLANG_WARN_BOOL_CONVERSION = YES;
				CLANG_WARN_COMMA = YES;
				CLANG_WARN_CONSTANT_CONVERSION = YES;
				CLANG_WARN_DEPRECATED_OBJC_IMPLEMENTATIONS = YES;
				CLANG_WARN_DIRECT_OBJC_ISA_USAGE = YES_ERROR;
				CLANG_WARN_DOCUMENTATION_COMMENTS = YES;
				CLANG_WARN_EMPTY_BODY = YES;
				CLANG_WARN_ENUM_CONVERSION = YES;
				CLANG_WARN_INFINITE_RECURSION = YES;
				CLANG_WARN_INT_CONVERSION = YES;
				CLANG_WARN_NON_LITERAL_NULL_CONVERSION = YES;
				CLANG_WARN_OBJC_IMPLICIT_RETAIN_SELF = YES;
				CLANG_WARN_OBJC_LITERAL_CONVERSION = YES;
				CLANG_WARN_OBJC_ROOT_CLASS = YES_ERROR;
				CLANG_WARN_QUOTED_INCLUDE_IN_FRAMEWORK_HEADER = YES;
				CLANG_WARN_RANGE_LOOP_ANALYSIS = YES;
				CLANG_WARN_STRICT_PROTOTYPES = YES;
				CLANG_WARN_SUSPICIOUS_MOVE = YES;
				CLANG_WARN_UNGUARDED_AVAILABILITY = YES_AGGRESSIVE;
				CLANG_WARN_UNREACHABLE_CODE = YES;
				CLANG_WARN__DUPLICATE_METHOD_MATCH = YES;
				COPY_PHASE_STRIP = NO;
				CURRENT_PROJECT_VERSION = 1;
				DEBUG_INFORMATION_FORMAT = dwarf;
				ENABLE_STRICT_OBJC_MSGSEND = YES;
				ENABLE_TESTABILITY = YES;
				ENABLE_USER_SCRIPT_SANDBOXING = YES;
				GCC_C_LANGUAGE_STANDARD = gnu17;
				GCC_DYNAMIC_NO_PIC = NO;
				GCC_NO_COMMON_BLOCKS = YES;
				GCC_OPTIMIZATION_LEVEL = 0;
				GCC_PREPROCESSOR_DEFINITIONS = (
					"DEBUG=1",
					"$(inherited)",
				);
				GCC_WARN_64_TO_32_BIT_CONVERSION = YES;
				GCC_WARN_ABOUT_RETURN_TYPE = YES_ERROR;
				GCC_WARN_UNDECLARED_SELECTOR = YES;
				GCC_WARN_UNINITIALIZED_AUTOS = YES_AGGRESSIVE;
				GCC_WARN_UNUSED_FUNCTION = YES;
				GCC_WARN_UNUSED_VARIABLE = YES;
				IPHONEOS_DEPLOYMENT_TARGET = 17.5;
				LOCALIZATION_PREFERS_STRING_CATALOGS = YES;
				MTL_ENABLE_DEBUG_INFO = INCLUDE_SOURCE;
				MTL_FAST_MATH = YES;
				ONLY_ACTIVE_ARCH = YES;
				SDKROOT = iphoneos;
				SWIFT_ACTIVE_COMPILATION_CONDITIONS = "DEBUG $(inherited)";
				SWIFT_OPTIMIZATION_LEVEL = "-Onone";
				VERSIONING_SYSTEM = "apple-generic";
				VERSION_INFO_PREFIX = "";
			};
			name = Debug;
		};
		63D6C4402C7CC68400BE153C /* Release */ = {
			isa = XCBuildConfiguration;
			buildSettings = {
				ALWAYS_SEARCH_USER_PATHS = NO;
				ASSETCATALOG_COMPILER_GENERATE_SWIFT_ASSET_SYMBOL_EXTENSIONS = YES;
				CLANG_ANALYZER_NONNULL = YES;
				CLANG_ANALYZER_NUMBER_OBJECT_CONVERSION = YES_AGGRESSIVE;
				CLANG_CXX_LANGUAGE_STANDARD = "gnu++20";
				CLANG_ENABLE_MODULES = YES;
				CLANG_ENABLE_OBJC_ARC = YES;
				CLANG_ENABLE_OBJC_WEAK = YES;
				CLANG_WARN_BLOCK_CAPTURE_AUTORELEASING = YES;
				CLANG_WARN_BOOL_CONVERSION = YES;
				CLANG_WARN_COMMA = YES;
				CLANG_WARN_CONSTANT_CONVERSION = YES;
				CLANG_WARN_DEPRECATED_OBJC_IMPLEMENTATIONS = YES;
				CLANG_WARN_DIRECT_OBJC_ISA_USAGE = YES_ERROR;
				CLANG_WARN_DOCUMENTATION_COMMENTS = YES;
				CLANG_WARN_EMPTY_BODY = YES;
				CLANG_WARN_ENUM_CONVERSION = YES;
				CLANG_WARN_INFINITE_RECURSION = YES;
				CLANG_WARN_INT_CONVERSION = YES;
				CLANG_WARN_NON_LITERAL_NULL_CONVERSION = YES;
				CLANG_WARN_OBJC_IMPLICIT_RETAIN_SELF = YES;
				CLANG_WARN_OBJC_LITERAL_CONVERSION = YES;
				CLANG_WARN_OBJC_ROOT_CLASS = YES_ERROR;
				CLANG_WARN_QUOTED_INCLUDE_IN_FRAMEWORK_HEADER = YES;
				CLANG_WARN_RANGE_LOOP_ANALYSIS = YES;
				CLANG_WARN_STRICT_PROTOTYPES = YES;
				CLANG_WARN_SUSPICIOUS_MOVE = YES;
				CLANG_WARN_UNGUARDED_AVAILABILITY = YES_AGGRESSIVE;
				CLANG_WARN_UNREACHABLE_CODE = YES;
				CLANG_WARN__DUPLICATE_METHOD_MATCH = YES;
				COPY_PHASE_STRIP = NO;
				CURRENT_PROJECT_VERSION = 1;
				DEBUG_INFORMATION_FORMAT = "dwarf-with-dsym";
				ENABLE_NS_ASSERTIONS = NO;
				ENABLE_STRICT_OBJC_MSGSEND = YES;
				ENABLE_USER_SCRIPT_SANDBOXING = YES;
				GCC_C_LANGUAGE_STANDARD = gnu17;
				GCC_NO_COMMON_BLOCKS = YES;
				GCC_WARN_64_TO_32_BIT_CONVERSION = YES;
				GCC_WARN_ABOUT_RETURN_TYPE = YES_ERROR;
				GCC_WARN_UNDECLARED_SELECTOR = YES;
				GCC_WARN_UNINITIALIZED_AUTOS = YES_AGGRESSIVE;
				GCC_WARN_UNUSED_FUNCTION = YES;
				GCC_WARN_UNUSED_VARIABLE = YES;
				IPHONEOS_DEPLOYMENT_TARGET = 17.5;
				LOCALIZATION_PREFERS_STRING_CATALOGS = YES;
				MTL_ENABLE_DEBUG_INFO = NO;
				MTL_FAST_MATH = YES;
				SDKROOT = iphoneos;
				SWIFT_COMPILATION_MODE = wholemodule;
				VALIDATE_PRODUCT = YES;
				VERSIONING_SYSTEM = "apple-generic";
				VERSION_INFO_PREFIX = "";
			};
			name = Release;
		};
		63D6C4422C7CC68400BE153C /* Debug */ = {
			isa = XCBuildConfiguration;
			buildSettings = {
				BUILD_LIBRARY_FOR_DISTRIBUTION = YES;
				CODE_SIGN_STYLE = Automatic;
				CURRENT_PROJECT_VERSION = 1;
				DEFINES_MODULE = YES;
				DEVELOPMENT_TEAM = Q3NY5JH848;
				DYLIB_COMPATIBILITY_VERSION = 1;
				DYLIB_CURRENT_VERSION = 1;
				DYLIB_INSTALL_NAME_BASE = "@rpath";
				ENABLE_MODULE_VERIFIER = YES;
				GENERATE_INFOPLIST_FILE = YES;
				INFOPLIST_KEY_NSHumanReadableCopyright = "";
				INSTALL_PATH = "$(LOCAL_LIBRARY_DIR)/Frameworks";
				LD_RUNPATH_SEARCH_PATHS = (
					"$(inherited)",
					"@executable_path/Frameworks",
					"@loader_path/Frameworks",
				);
				MARKETING_VERSION = 1.0;
				MODULE_VERIFIER_SUPPORTED_LANGUAGES = "objective-c objective-c++";
				MODULE_VERIFIER_SUPPORTED_LANGUAGE_STANDARDS = "gnu17 gnu++20";
				PRODUCT_BUNDLE_IDENTIFIER = kamil.projects.MainPageBanners;
				PRODUCT_NAME = "$(TARGET_NAME:c99extidentifier)";
				SKIP_INSTALL = YES;
				SWIFT_EMIT_LOC_STRINGS = YES;
				SWIFT_INSTALL_OBJC_HEADER = NO;
				SWIFT_VERSION = 5.0;
				TARGETED_DEVICE_FAMILY = "1,2";
			};
			name = Debug;
		};
		63D6C4432C7CC68400BE153C /* Release */ = {
			isa = XCBuildConfiguration;
			buildSettings = {
				BUILD_LIBRARY_FOR_DISTRIBUTION = YES;
				CODE_SIGN_STYLE = Automatic;
				CURRENT_PROJECT_VERSION = 1;
				DEFINES_MODULE = YES;
				DEVELOPMENT_TEAM = Q3NY5JH848;
				DYLIB_COMPATIBILITY_VERSION = 1;
				DYLIB_CURRENT_VERSION = 1;
				DYLIB_INSTALL_NAME_BASE = "@rpath";
				ENABLE_MODULE_VERIFIER = YES;
				GENERATE_INFOPLIST_FILE = YES;
				INFOPLIST_KEY_NSHumanReadableCopyright = "";
				INSTALL_PATH = "$(LOCAL_LIBRARY_DIR)/Frameworks";
				LD_RUNPATH_SEARCH_PATHS = (
					"$(inherited)",
					"@executable_path/Frameworks",
					"@loader_path/Frameworks",
				);
				MARKETING_VERSION = 1.0;
				MODULE_VERIFIER_SUPPORTED_LANGUAGES = "objective-c objective-c++";
				MODULE_VERIFIER_SUPPORTED_LANGUAGE_STANDARDS = "gnu17 gnu++20";
				PRODUCT_BUNDLE_IDENTIFIER = kamil.projects.MainPageBanners;
				PRODUCT_NAME = "$(TARGET_NAME:c99extidentifier)";
				SKIP_INSTALL = YES;
				SWIFT_EMIT_LOC_STRINGS = YES;
				SWIFT_INSTALL_OBJC_HEADER = NO;
				SWIFT_VERSION = 5.0;
				TARGETED_DEVICE_FAMILY = "1,2";
			};
			name = Release;
		};
		63D6C4452C7CC68400BE153C /* Debug */ = {
			isa = XCBuildConfiguration;
			buildSettings = {
				CODE_SIGN_STYLE = Automatic;
				CURRENT_PROJECT_VERSION = 1;
				DEVELOPMENT_TEAM = Q3NY5JH848;
				GENERATE_INFOPLIST_FILE = YES;
				MARKETING_VERSION = 1.0;
				PRODUCT_BUNDLE_IDENTIFIER = kamil.projects.MainPageBannersTests;
				PRODUCT_NAME = "$(TARGET_NAME)";
				SWIFT_EMIT_LOC_STRINGS = NO;
				SWIFT_VERSION = 5.0;
				TARGETED_DEVICE_FAMILY = "1,2";
			};
			name = Debug;
		};
		63D6C4462C7CC68400BE153C /* Release */ = {
			isa = XCBuildConfiguration;
			buildSettings = {
				CODE_SIGN_STYLE = Automatic;
				CURRENT_PROJECT_VERSION = 1;
				DEVELOPMENT_TEAM = Q3NY5JH848;
				GENERATE_INFOPLIST_FILE = YES;
				MARKETING_VERSION = 1.0;
				PRODUCT_BUNDLE_IDENTIFIER = kamil.projects.MainPageBannersTests;
				PRODUCT_NAME = "$(TARGET_NAME)";
				SWIFT_EMIT_LOC_STRINGS = NO;
				SWIFT_VERSION = 5.0;
				TARGETED_DEVICE_FAMILY = "1,2";
			};
			name = Release;
		};
/* End XCBuildConfiguration section */

/* Begin XCConfigurationList section */
		63D6C4272C7CC68400BE153C /* Build configuration list for PBXProject "MainPageBanners" */ = {
			isa = XCConfigurationList;
			buildConfigurations = (
				63D6C43F2C7CC68400BE153C /* Debug */,
				63D6C4402C7CC68400BE153C /* Release */,
			);
			defaultConfigurationIsVisible = 0;
			defaultConfigurationName = Release;
		};
		63D6C4412C7CC68400BE153C /* Build configuration list for PBXNativeTarget "MainPageBanners" */ = {
			isa = XCConfigurationList;
			buildConfigurations = (
				63D6C4422C7CC68400BE153C /* Debug */,
				63D6C4432C7CC68400BE153C /* Release */,
			);
			defaultConfigurationIsVisible = 0;
			defaultConfigurationName = Release;
		};
		63D6C4442C7CC68400BE153C /* Build configuration list for PBXNativeTarget "MainPageBannersTests" */ = {
			isa = XCConfigurationList;
			buildConfigurations = (
				63D6C4452C7CC68400BE153C /* Debug */,
				63D6C4462C7CC68400BE153C /* Release */,
			);
			defaultConfigurationIsVisible = 0;
			defaultConfigurationName = Release;
		};
/* End XCConfigurationList section */
	};
	rootObject = 63D6C4242C7CC68400BE153C /* Project object */;
}
